
Microsoft Visual Studio Solution File, Format Version 12.00
# Visual Studio Version 17
VisualStudioVersion = 17.0.31903.59
MinimumVisualStudioVersion = 10.0.40219.1
Project("{2150E333-8FDC-42A3-9474-1A3956D46DE8}") = "src", "src", "{F2A475F5-8414-4002-8EA9-C69431224B69}"
EndProject
Project("{FAE04EC0-301F-11D3-BF4B-00C04F79EFBC}") = "YandexRPC", "src\YandexRPC\YandexRPC.csproj", "{8352C3E3-7198-4C47-ADFF-91F084C6BBB2}"
EndProject
Global
	GlobalSection(SolutionConfigurationPlatforms) = preSolution
		Debug|Any CPU = Debug|Any CPU
		Release|Any CPU = Release|Any CPU
	EndGlobalSection
	GlobalSection(SolutionProperties) = preSolution
		HideSolutionNode = FALSE
	EndGlobalSection
	GlobalSection(ProjectConfigurationPlatforms) = postSolution
		{8352C3E3-7198-4C47-ADFF-91F084C6BBB2}.Debug|Any CPU.ActiveCfg = Debug|Any CPU
		{8352C3E3-7198-4C47-ADFF-91F084C6BBB2}.Debug|Any CPU.Build.0 = Debug|Any CPU
		{8352C3E3-7198-4C47-ADFF-91F084C6BBB2}.Release|Any CPU.ActiveCfg = Release|Any CPU
		{8352C3E3-7198-4C47-ADFF-91F084C6BBB2}.Release|Any CPU.Build.0 = Release|Any CPU
	EndGlobalSection
	GlobalSection(NestedProjects) = preSolution
		{8352C3E3-7198-4C47-ADFF-91F084C6BBB2} = {F2A475F5-8414-4002-8EA9-C69431224B69}
	EndGlobalSection
EndGlobal
